
Microsoft Visual Studio Solution File, Format Version 12.00
# Visual Studio 2012
Project("{FAE04EC0-301F-11D3-BF4B-00C04F79EFBC}") = "모두의마블 TEST - 클라이언트", "모두의마블 TEST\모두의마블 TEST - 클라이언트.csproj", "{A8ED82F7-B792-4EE1-BE73-565CAC9B6876}"
EndProject
Global
	GlobalSection(SolutionConfigurationPlatforms) = preSolution
		Debug|Any CPU = Debug|Any CPU
		Release|Any CPU = Release|Any CPU
	EndGlobalSection
	GlobalSection(ProjectConfigurationPlatforms) = postSolution
		{A8ED82F7-B792-4EE1-BE73-565CAC9B6876}.Debug|Any CPU.ActiveCfg = Debug|Any CPU
		{A8ED82F7-B792-4EE1-BE73-565CAC9B6876}.Debug|Any CPU.Build.0 = Debug|Any CPU
		{A8ED82F7-B792-4EE1-BE73-565CAC9B6876}.Release|Any CPU.ActiveCfg = Release|Any CPU
		{A8ED82F7-B792-4EE1-BE73-565CAC9B6876}.Release|Any CPU.Build.0 = Release|Any CPU
	EndGlobalSection
	GlobalSection(SolutionProperties) = preSolution
		HideSolutionNode = FALSE
	EndGlobalSection
EndGlobal
