
Microsoft Visual Studio Solution File, Format Version 12.00
# Visual Studio 2012
Project("{FAE04EC0-301F-11D3-BF4B-00C04F79EFBC}") = "60", "60\60.csproj", "{C2291EE8-AC31-473B-8E45-EF4741A64C34}"
EndProject
Global
	GlobalSection(SolutionConfigurationPlatforms) = preSolution
		Debug|Any CPU = Debug|Any CPU
		Release|Any CPU = Release|Any CPU
	EndGlobalSection
	GlobalSection(ProjectConfigurationPlatforms) = postSolution
		{C2291EE8-AC31-473B-8E45-EF4741A64C34}.Debug|Any CPU.ActiveCfg = Debug|Any CPU
		{C2291EE8-AC31-473B-8E45-EF4741A64C34}.Debug|Any CPU.Build.0 = Debug|Any CPU
		{C2291EE8-AC31-473B-8E45-EF4741A64C34}.Release|Any CPU.ActiveCfg = Release|Any CPU
		{C2291EE8-AC31-473B-8E45-EF4741A64C34}.Release|Any CPU.Build.0 = Release|Any CPU
	EndGlobalSection
	GlobalSection(SolutionProperties) = preSolution
		HideSolutionNode = FALSE
	EndGlobalSection
EndGlobal
